// !$*UTF8*$!
{
	archiveVersion = 1;
	classes = {
	};
	objectVersion = 50;
	objects = {

/* Begin PBXBuildFile section */
		448FA4F6256A4F3300E20297 /* AppDelegate.swift in Sources */ = {isa = PBXBuildFile; fileRef = 448FA4F5256A4F3300E20297 /* AppDelegate.swift */; };
		448FA4FA256A4F3300E20297 /* AddressBookViewController.swift in Sources */ = {isa = PBXBuildFile; fileRef = 448FA4F9256A4F3300E20297 /* AddressBookViewController.swift */; };
		448FA4FF256A4F3700E20297 /* Assets.xcassets in Resources */ = {isa = PBXBuildFile; fileRef = 448FA4FE256A4F3700E20297 /* Assets.xcassets */; };
		448FA502256A4F3700E20297 /* LaunchScreen.storyboard in Resources */ = {isa = PBXBuildFile; fileRef = 448FA500256A4F3700E20297 /* LaunchScreen.storyboard */; };
		44C8A09A256A809B00EAC3AA /* ContactInfoViewController.swift in Sources */ = {isa = PBXBuildFile; fileRef = 44C8A099256A809B00EAC3AA /* ContactInfoViewController.swift */; };
		44C8A09D256A80C500EAC3AA /* ContactInfoPresenter.swift in Sources */ = {isa = PBXBuildFile; fileRef = 44C8A09C256A80C500EAC3AA /* ContactInfoPresenter.swift */; };
		44C8A0A4256A80F500EAC3AA /* ContactInfoBuilder.swift in Sources */ = {isa = PBXBuildFile; fileRef = 44C8A0A3256A80F500EAC3AA /* ContactInfoBuilder.swift */; };
		44C8A0A8256A8CC000EAC3AA /* PhoneNumberCell.swift in Sources */ = {isa = PBXBuildFile; fileRef = 44C8A0A7256A8CC000EAC3AA /* PhoneNumberCell.swift */; };
		44CCD9D6256A53D400776993 /* AddressBookPresenter.swift in Sources */ = {isa = PBXBuildFile; fileRef = 44CCD9D5256A53D400776993 /* AddressBookPresenter.swift */; };
		44CCD9D9256A53F300776993 /* AddressBookBuilder.swift in Sources */ = {isa = PBXBuildFile; fileRef = 44CCD9D8256A53F300776993 /* AddressBookBuilder.swift */; };
		44CCD9DE256A545800776993 /* AddressBookRouter.swift in Sources */ = {isa = PBXBuildFile; fileRef = 44CCD9DD256A545800776993 /* AddressBookRouter.swift */; };
		44CCD9F1256A5CB200776993 /* ContactCell.swift in Sources */ = {isa = PBXBuildFile; fileRef = 44CCD9F0256A5CB200776993 /* ContactCell.swift */; };
		44CCD9F5256A66CE00776993 /* ContactModel.swift in Sources */ = {isa = PBXBuildFile; fileRef = 44CCD9F4256A66CE00776993 /* ContactModel.swift */; };
/* End PBXBuildFile section */

/* Begin PBXFileReference section */
		448FA4F2256A4F3300E20297 /* TestTask.app */ = {isa = PBXFileReference; explicitFileType = wrapper.application; includeInIndex = 0; path = TestTask.app; sourceTree = BUILT_PRODUCTS_DIR; };
		448FA4F5256A4F3300E20297 /* AppDelegate.swift */ = {isa = PBXFileReference; lastKnownFileType = sourcecode.swift; path = AppDelegate.swift; sourceTree = "<group>"; };
		448FA4F9256A4F3300E20297 /* AddressBookViewController.swift */ = {isa = PBXFileReference; lastKnownFileType = sourcecode.swift; path = AddressBookViewController.swift; sourceTree = "<group>"; };
		448FA4FE256A4F3700E20297 /* Assets.xcassets */ = {isa = PBXFileReference; lastKnownFileType = folder.assetcatalog; path = Assets.xcassets; sourceTree = "<group>"; };
		448FA501256A4F3700E20297 /* Base */ = {isa = PBXFileReference; lastKnownFileType = file.storyboard; name = Base; path = Base.lproj/LaunchScreen.storyboard; sourceTree = "<group>"; };
		448FA503256A4F3700E20297 /* Info.plist */ = {isa = PBXFileReference; lastKnownFileType = text.plist.xml; path = Info.plist; sourceTree = "<group>"; };
		44C8A099256A809B00EAC3AA /* ContactInfoViewController.swift */ = {isa = PBXFileReference; lastKnownFileType = sourcecode.swift; path = ContactInfoViewController.swift; sourceTree = "<group>"; };
		44C8A09C256A80C500EAC3AA /* ContactInfoPresenter.swift */ = {isa = PBXFileReference; lastKnownFileType = sourcecode.swift; path = ContactInfoPresenter.swift; sourceTree = "<group>"; };
		44C8A0A3256A80F500EAC3AA /* ContactInfoBuilder.swift */ = {isa = PBXFileReference; lastKnownFileType = sourcecode.swift; path = ContactInfoBuilder.swift; sourceTree = "<group>"; };
		44C8A0A7256A8CC000EAC3AA /* PhoneNumberCell.swift */ = {isa = PBXFileReference; lastKnownFileType = sourcecode.swift; path = PhoneNumberCell.swift; sourceTree = "<group>"; };
		44CCD9D5256A53D400776993 /* AddressBookPresenter.swift */ = {isa = PBXFileReference; lastKnownFileType = sourcecode.swift; path = AddressBookPresenter.swift; sourceTree = "<group>"; };
		44CCD9D8256A53F300776993 /* AddressBookBuilder.swift */ = {isa = PBXFileReference; lastKnownFileType = sourcecode.swift; path = AddressBookBuilder.swift; sourceTree = "<group>"; };
		44CCD9DD256A545800776993 /* AddressBookRouter.swift */ = {isa = PBXFileReference; lastKnownFileType = sourcecode.swift; path = AddressBookRouter.swift; sourceTree = "<group>"; };
		44CCD9F0256A5CB200776993 /* ContactCell.swift */ = {isa = PBXFileReference; lastKnownFileType = sourcecode.swift; path = ContactCell.swift; sourceTree = "<group>"; };
		44CCD9F4256A66CE00776993 /* ContactModel.swift */ = {isa = PBXFileReference; lastKnownFileType = sourcecode.swift; path = ContactModel.swift; sourceTree = "<group>"; };
/* End PBXFileReference section */

/* Begin PBXFrameworksBuildPhase section */
		448FA4EF256A4F3300E20297 /* Frameworks */ = {
			isa = PBXFrameworksBuildPhase;
			buildActionMask = 2147483647;
			files = (
			);
			runOnlyForDeploymentPostprocessing = 0;
		};
/* End PBXFrameworksBuildPhase section */

/* Begin PBXGroup section */
		448FA4E9256A4F3300E20297 = {
			isa = PBXGroup;
			children = (
				448FA4F4256A4F3300E20297 /* TestTask */,
				448FA4F3256A4F3300E20297 /* Products */,
			);
			sourceTree = "<group>";
		};
		448FA4F3256A4F3300E20297 /* Products */ = {
			isa = PBXGroup;
			children = (
				448FA4F2256A4F3300E20297 /* TestTask.app */,
			);
			name = Products;
			sourceTree = "<group>";
		};
		448FA4F4256A4F3300E20297 /* TestTask */ = {
			isa = PBXGroup;
			children = (
				44C8A097256A801100EAC3AA /* GeneralFiles */,
				44CCD9D0256A530E00776993 /* UI */,
				44CCD9CD256A525D00776993 /* SupportedFiles */,
				448FA4F5256A4F3300E20297 /* AppDelegate.swift */,
				448FA503256A4F3700E20297 /* Info.plist */,
			);
			path = TestTask;
			sourceTree = "<group>";
		};
		44C8A097256A801100EAC3AA /* GeneralFiles */ = {
			isa = PBXGroup;
			children = (
				44C8A098256A801E00EAC3AA /* Models */,
			);
			path = GeneralFiles;
			sourceTree = "<group>";
		};
		44C8A098256A801E00EAC3AA /* Models */ = {
			isa = PBXGroup;
			children = (
				44CCD9F4256A66CE00776993 /* ContactModel.swift */,
			);
			path = Models;
			sourceTree = "<group>";
		};
		44C8A0A6256A8CAF00EAC3AA /* Cells */ = {
			isa = PBXGroup;
			children = (
				44C8A0A7256A8CC000EAC3AA /* PhoneNumberCell.swift */,
			);
			path = Cells;
			sourceTree = "<group>";
		};
		44CCD9CD256A525D00776993 /* SupportedFiles */ = {
			isa = PBXGroup;
			children = (
				448FA4FE256A4F3700E20297 /* Assets.xcassets */,
				448FA500256A4F3700E20297 /* LaunchScreen.storyboard */,
			);
			path = SupportedFiles;
			sourceTree = "<group>";
		};
		44CCD9D0256A530E00776993 /* UI */ = {
			isa = PBXGroup;
			children = (
				44CCD9D1256A532900776993 /* AddressBook */,
				44CCD9D2256A538800776993 /* ContactInfo */,
			);
			path = UI;
			sourceTree = "<group>";
		};
		44CCD9D1256A532900776993 /* AddressBook */ = {
			isa = PBXGroup;
			children = (
				44CCD9DC256A53FD00776993 /* Cells */,
				44CCD9D8256A53F300776993 /* AddressBookBuilder.swift */,
				448FA4F9256A4F3300E20297 /* AddressBookViewController.swift */,
				44CCD9D5256A53D400776993 /* AddressBookPresenter.swift */,
				44CCD9DD256A545800776993 /* AddressBookRouter.swift */,
			);
			path = AddressBook;
			sourceTree = "<group>";
		};
		44CCD9D2256A538800776993 /* ContactInfo */ = {
			isa = PBXGroup;
			children = (
				44C8A0A6256A8CAF00EAC3AA /* Cells */,
				44C8A0A3256A80F500EAC3AA /* ContactInfoBuilder.swift */,
				44C8A099256A809B00EAC3AA /* ContactInfoViewController.swift */,
				44C8A09C256A80C500EAC3AA /* ContactInfoPresenter.swift */,
			);
			path = ContactInfo;
			sourceTree = "<group>";
		};
		44CCD9DC256A53FD00776993 /* Cells */ = {
			isa = PBXGroup;
			children = (
				44CCD9F0256A5CB200776993 /* ContactCell.swift */,
			);
			path = Cells;
			sourceTree = "<group>";
		};
/* End PBXGroup section */

/* Begin PBXNativeTarget section */
		448FA4F1256A4F3300E20297 /* TestTask */ = {
			isa = PBXNativeTarget;
			buildConfigurationList = 448FA506256A4F3700E20297 /* Build configuration list for PBXNativeTarget "TestTask" */;
			buildPhases = (
				448FA4EE256A4F3300E20297 /* Sources */,
				448FA4EF256A4F3300E20297 /* Frameworks */,
				448FA4F0256A4F3300E20297 /* Resources */,
			);
			buildRules = (
			);
			dependencies = (
			);
			name = TestTask;
			productName = TestTask;
			productReference = 448FA4F2256A4F3300E20297 /* TestTask.app */;
			productType = "com.apple.product-type.application";
		};
/* End PBXNativeTarget section */

/* Begin PBXProject section */
		448FA4EA256A4F3300E20297 /* Project object */ = {
			isa = PBXProject;
			attributes = {
				LastSwiftUpdateCheck = 1210;
				LastUpgradeCheck = 1210;
				TargetAttributes = {
					448FA4F1256A4F3300E20297 = {
						CreatedOnToolsVersion = 12.1;
					};
				};
			};
			buildConfigurationList = 448FA4ED256A4F3300E20297 /* Build configuration list for PBXProject "TestTask" */;
			compatibilityVersion = "Xcode 9.3";
			developmentRegion = en;
			hasScannedForEncodings = 0;
			knownRegions = (
				en,
				Base,
			);
			mainGroup = 448FA4E9256A4F3300E20297;
			productRefGroup = 448FA4F3256A4F3300E20297 /* Products */;
			projectDirPath = "";
			projectRoot = "";
			targets = (
				448FA4F1256A4F3300E20297 /* TestTask */,
			);
		};
/* End PBXProject section */

/* Begin PBXResourcesBuildPhase section */
		448FA4F0256A4F3300E20297 /* Resources */ = {
			isa = PBXResourcesBuildPhase;
			buildActionMask = 2147483647;
			files = (
				448FA502256A4F3700E20297 /* LaunchScreen.storyboard in Resources */,
				448FA4FF256A4F3700E20297 /* Assets.xcassets in Resources */,
			);
			runOnlyForDeploymentPostprocessing = 0;
		};
/* End PBXResourcesBuildPhase section */

/* Begin PBXSourcesBuildPhase section */
		448FA4EE256A4F3300E20297 /* Sources */ = {
			isa = PBXSourcesBuildPhase;
			buildActionMask = 2147483647;
			files = (
				44C8A09D256A80C500EAC3AA /* ContactInfoPresenter.swift in Sources */,
				44CCD9F1256A5CB200776993 /* ContactCell.swift in Sources */,
				44C8A09A256A809B00EAC3AA /* ContactInfoViewController.swift in Sources */,
				44C8A0A8256A8CC000EAC3AA /* PhoneNumberCell.swift in Sources */,
				44CCD9DE256A545800776993 /* AddressBookRouter.swift in Sources */,
				44CCD9D6256A53D400776993 /* AddressBookPresenter.swift in Sources */,
				44C8A0A4256A80F500EAC3AA /* ContactInfoBuilder.swift in Sources */,
				448FA4FA256A4F3300E20297 /* AddressBookViewController.swift in Sources */,
				44CCD9F5256A66CE00776993 /* ContactModel.swift in Sources */,
				448FA4F6256A4F3300E20297 /* AppDelegate.swift in Sources */,
				44CCD9D9256A53F300776993 /* AddressBookBuilder.swift in Sources */,
			);
			runOnlyForDeploymentPostprocessing = 0;
		};
/* End PBXSourcesBuildPhase section */

/* Begin PBXVariantGroup section */
		448FA500256A4F3700E20297 /* LaunchScreen.storyboard */ = {
			isa = PBXVariantGroup;
			children = (
				448FA501256A4F3700E20297 /* Base */,
			);
			name = LaunchScreen.storyboard;
			sourceTree = "<group>";
		};
/* End PBXVariantGroup section */

/* Begin XCBuildConfiguration section */
		448FA504256A4F3700E20297 /* Debug */ = {
			isa = XCBuildConfiguration;
			buildSettings = {
				ALWAYS_SEARCH_USER_PATHS = NO;
				CLANG_ANALYZER_NONNULL = YES;
				CLANG_ANALYZER_NUMBER_OBJECT_CONVERSION = YES_AGGRESSIVE;
				CLANG_CXX_LANGUAGE_STANDARD = "gnu++14";
				CLANG_CXX_LIBRARY = "libc++";
				CLANG_ENABLE_MODULES = YES;
				CLANG_ENABLE_OBJC_ARC = YES;
				CLANG_ENABLE_OBJC_WEAK = YES;
				CLANG_WARN_BLOCK_CAPTURE_AUTORELEASING = YES;
				CLANG_WARN_BOOL_CONVERSION = YES;
				CLANG_WARN_COMMA = YES;
				CLANG_WARN_CONSTANT_CONVERSION = YES;
				CLANG_WARN_DEPRECATED_OBJC_IMPLEMENTATIONS = YES;
				CLANG_WARN_DIRECT_OBJC_ISA_USAGE = YES_ERROR;
				CLANG_WARN_DOCUMENTATION_COMMENTS = YES;
				CLANG_WARN_EMPTY_BODY = YES;
				CLANG_WARN_ENUM_CONVERSION = YES;
				CLANG_WARN_INFINITE_RECURSION = YES;
				CLANG_WARN_INT_CONVERSION = YES;
				CLANG_WARN_NON_LITERAL_NULL_CONVERSION = YES;
				CLANG_WARN_OBJC_IMPLICIT_RETAIN_SELF = YES;
				CLANG_WARN_OBJC_LITERAL_CONVERSION = YES;
				CLANG_WARN_OBJC_ROOT_CLASS = YES_ERROR;
				CLANG_WARN_QUOTED_INCLUDE_IN_FRAMEWORK_HEADER = YES;
				CLANG_WARN_RANGE_LOOP_ANALYSIS = YES;
				CLANG_WARN_STRICT_PROTOTYPES = YES;
				CLANG_WARN_SUSPICIOUS_MOVE = YES;
				CLANG_WARN_UNGUARDED_AVAILABILITY = YES_AGGRESSIVE;
				CLANG_WARN_UNREACHABLE_CODE = YES;
				CLANG_WARN__DUPLICATE_METHOD_MATCH = YES;
				COPY_PHASE_STRIP = NO;
				DEBUG_INFORMATION_FORMAT = dwarf;
				ENABLE_STRICT_OBJC_MSGSEND = YES;
				ENABLE_TESTABILITY = YES;
				GCC_C_LANGUAGE_STANDARD = gnu11;
				GCC_DYNAMIC_NO_PIC = NO;
				GCC_NO_COMMON_BLOCKS = YES;
				GCC_OPTIMIZATION_LEVEL = 0;
				GCC_PREPROCESSOR_DEFINITIONS = (
					"DEBUG=1",
					"$(inherited)",
				);
				GCC_WARN_64_TO_32_BIT_CONVERSION = YES;
				GCC_WARN_ABOUT_RETURN_TYPE = YES_ERROR;
				GCC_WARN_UNDECLARED_SELECTOR = YES;
				GCC_WARN_UNINITIALIZED_AUTOS = YES_AGGRESSIVE;
				GCC_WARN_UNUSED_FUNCTION = YES;
				GCC_WARN_UNUSED_VARIABLE = YES;
				IPHONEOS_DEPLOYMENT_TARGET = 11.0;
				MTL_ENABLE_DEBUG_INFO = INCLUDE_SOURCE;
				MTL_FAST_MATH = YES;
				ONLY_ACTIVE_ARCH = YES;
				SDKROOT = iphoneos;
				SWIFT_ACTIVE_COMPILATION_CONDITIONS = DEBUG;
				SWIFT_OPTIMIZATION_LEVEL = "-Onone";
			};
			name = Debug;
		};
		448FA505256A4F3700E20297 /* Release */ = {
			isa = XCBuildConfiguration;
			buildSettings = {
				ALWAYS_SEARCH_USER_PATHS = NO;
				CLANG_ANALYZER_NONNULL = YES;
				CLANG_ANALYZER_NUMBER_OBJECT_CONVERSION = YES_AGGRESSIVE;
				CLANG_CXX_LANGUAGE_STANDARD = "gnu++14";
				CLANG_CXX_LIBRARY = "libc++";
				CLANG_ENABLE_MODULES = YES;
				CLANG_ENABLE_OBJC_ARC = YES;
				CLANG_ENABLE_OBJC_WEAK = YES;
				CLANG_WARN_BLOCK_CAPTURE_AUTORELEASING = YES;
				CLANG_WARN_BOOL_CONVERSION = YES;
				CLANG_WARN_COMMA = YES;
				CLANG_WARN_CONSTANT_CONVERSION = YES;
				CLANG_WARN_DEPRECATED_OBJC_IMPLEMENTATIONS = YES;
				CLANG_WARN_DIRECT_OBJC_ISA_USAGE = YES_ERROR;
				CLANG_WARN_DOCUMENTATION_COMMENTS = YES;
				CLANG_WARN_EMPTY_BODY = YES;
				CLANG_WARN_ENUM_CONVERSION = YES;
				CLANG_WARN_INFINITE_RECURSION = YES;
				CLANG_WARN_INT_CONVERSION = YES;
				CLANG_WARN_NON_LITERAL_NULL_CONVERSION = YES;
				CLANG_WARN_OBJC_IMPLICIT_RETAIN_SELF = YES;
				CLANG_WARN_OBJC_LITERAL_CONVERSION = YES;
				CLANG_WARN_OBJC_ROOT_CLASS = YES_ERROR;
				CLANG_WARN_QUOTED_INCLUDE_IN_FRAMEWORK_HEADER = YES;
				CLANG_WARN_RANGE_LOOP_ANALYSIS = YES;
				CLANG_WARN_STRICT_PROTOTYPES = YES;
				CLANG_WARN_SUSPICIOUS_MOVE = YES;
				CLANG_WARN_UNGUARDED_AVAILABILITY = YES_AGGRESSIVE;
				CLANG_WARN_UNREACHABLE_CODE = YES;
				CLANG_WARN__DUPLICATE_METHOD_MATCH = YES;
				COPY_PHASE_STRIP = NO;
				DEBUG_INFORMATION_FORMAT = "dwarf-with-dsym";
				ENABLE_NS_ASSERTIONS = NO;
				ENABLE_STRICT_OBJC_MSGSEND = YES;
				GCC_C_LANGUAGE_STANDARD = gnu11;
				GCC_NO_COMMON_BLOCKS = YES;
				GCC_WARN_64_TO_32_BIT_CONVERSION = YES;
				GCC_WARN_ABOUT_RETURN_TYPE = YES_ERROR;
				GCC_WARN_UNDECLARED_SELECTOR = YES;
				GCC_WARN_UNINITIALIZED_AUTOS = YES_AGGRESSIVE;
				GCC_WARN_UNUSED_FUNCTION = YES;
				GCC_WARN_UNUSED_VARIABLE = YES;
				IPHONEOS_DEPLOYMENT_TARGET = 11.0;
				MTL_ENABLE_DEBUG_INFO = NO;
				MTL_FAST_MATH = YES;
				SDKROOT = iphoneos;
				SWIFT_COMPILATION_MODE = wholemodule;
				SWIFT_OPTIMIZATION_LEVEL = "-O";
				VALIDATE_PRODUCT = YES;
			};
			name = Release;
		};
		448FA507256A4F3700E20297 /* Debug */ = {
			isa = XCBuildConfiguration;
			buildSettings = {
				ASSETCATALOG_COMPILER_APPICON_NAME = AppIcon;
				ASSETCATALOG_COMPILER_GLOBAL_ACCENT_COLOR_NAME = AccentColor;
				CODE_SIGN_STYLE = Automatic;
				DEVELOPMENT_TEAM = DDB8THTH4L;
				INFOPLIST_FILE = TestTask/Info.plist;
				LD_RUNPATH_SEARCH_PATHS = (
					"$(inherited)",
					"@executable_path/Frameworks",
				);
				PRODUCT_BUNDLE_IDENTIFIER = "boris-chechko.TestTask";
				PRODUCT_NAME = "$(TARGET_NAME)";
				SWIFT_VERSION = 5.0;
				TARGETED_DEVICE_FAMILY = "1,2";
			};
			name = Debug;
		};
		448FA508256A4F3700E20297 /* Release */ = {
			isa = XCBuildConfiguration;
			buildSettings = {
				ASSETCATALOG_COMPILER_APPICON_NAME = AppIcon;
				ASSETCATALOG_COMPILER_GLOBAL_ACCENT_COLOR_NAME = AccentColor;
				CODE_SIGN_STYLE = Automatic;
				DEVELOPMENT_TEAM = DDB8THTH4L;
				INFOPLIST_FILE = TestTask/Info.plist;
				LD_RUNPATH_SEARCH_PATHS = (
					"$(inherited)",
					"@executable_path/Frameworks",
				);
				PRODUCT_BUNDLE_IDENTIFIER = "boris-chechko.TestTask";
				PRODUCT_NAME = "$(TARGET_NAME)";
				SWIFT_VERSION = 5.0;
				TARGETED_DEVICE_FAMILY = "1,2";
			};
			name = Release;
		};
/* End XCBuildConfiguration section */

/* Begin XCConfigurationList section */
		448FA4ED256A4F3300E20297 /* Build configuration list for PBXProject "TestTask" */ = {
			isa = XCConfigurationList;
			buildConfigurations = (
				448FA504256A4F3700E20297 /* Debug */,
				448FA505256A4F3700E20297 /* Release */,
			);
			defaultConfigurationIsVisible = 0;
			defaultConfigurationName = Release;
		};
		448FA506256A4F3700E20297 /* Build configuration list for PBXNativeTarget "TestTask" */ = {
			isa = XCConfigurationList;
			buildConfigurations = (
				448FA507256A4F3700E20297 /* Debug */,
				448FA508256A4F3700E20297 /* Release */,
			);
			defaultConfigurationIsVisible = 0;
			defaultConfigurationName = Release;
		};
/* End XCConfigurationList section */
	};
	rootObject = 448FA4EA256A4F3300E20297 /* Project object */;
}
